
Microsoft Visual Studio Solution File, Format Version 12.00
# Visual Studio 15
VisualStudioVersion = 15.0.28010.2048
MinimumVisualStudioVersion = 10.0.40219.1
Project("{9A19103F-16F7-4668-BE54-9A1E7A4F7556}") = "PrayingCommunityApp", "PrayingCommunityApp\PrayingCommunityApp.csproj", "{10B2B640-1A83-4F78-985F-6EFC77783090}"
EndProject
Global
	GlobalSection(SolutionConfigurationPlatforms) = preSolution
		Debug|Any CPU = Debug|Any CPU
		Release|Any CPU = Release|Any CPU
	EndGlobalSection
	GlobalSection(ProjectConfigurationPlatforms) = postSolution
		{10B2B640-1A83-4F78-985F-6EFC77783090}.Debug|Any CPU.ActiveCfg = Debug|Any CPU
		{10B2B640-1A83-4F78-985F-6EFC77783090}.Debug|Any CPU.Build.0 = Debug|Any CPU
		{10B2B640-1A83-4F78-985F-6EFC77783090}.Release|Any CPU.ActiveCfg = Release|Any CPU
		{10B2B640-1A83-4F78-985F-6EFC77783090}.Release|Any CPU.Build.0 = Release|Any CPU
	EndGlobalSection
	GlobalSection(SolutionProperties) = preSolution
		HideSolutionNode = FALSE
	EndGlobalSection
	GlobalSection(ExtensibilityGlobals) = postSolution
		SolutionGuid = {4F8F9E09-0E2D-49D8-919F-D2C5EDB7F0DB}
	EndGlobalSection
EndGlobal
